<?xml version="1.0" encoding="UTF-8" standalone="yes" ?>
<CodeBlocks_project_file>
	<FileVersion major="1" minor="6" />
	<Project>
		<Option title="CakeEngine" />
		<Option pch_mode="2" />
		<Option compiler="gcc" />
		<Build>
			<Target title="Debug">
				<Option output="bin/Debug/CakeEngine" prefix_auto="1" extension_auto="1" />
				<Option object_output="obj/Debug/" />
				<Option type="1" />
				<Option compiler="gcc" />
				<Option use_console_runner="0" />
				<Compiler>
					<Add option="-g" />
				</Compiler>
			</Target>
			<Target title="Release">
				<Option output="bin/Release/CakeEngine" prefix_auto="1" extension_auto="1" />
				<Option object_output="obj/Release/" />
				<Option type="1" />
				<Option compiler="gcc" />
				<Compiler>
					<Add option="-O2" />
				</Compiler>
				<Linker>
					<Add option="-s" />
				</Linker>
			</Target>
		</Build>
		<Compiler>
			<Add option="-Wall" />
			<Add option="-fexceptions" />
			<Add option="-DGLEW_STATIC" />
			<Add directory="include" />
			<Add directory="headers" />
		</Compiler>
		<Linker>
			<Add option="-lmingw32 -lSDL2main -lSDL2 -lSDL2_image" />
			<Add library="lib/glew32s.lib" />
			<Add library="lib/glew32.lib" />
			<Add library="lib/libopengl32.a" />
			<Add directory="lib" />
		</Linker>
		<Unit filename="headers/CakeEngine/CakeEngine.hpp" />
		<Unit filename="headers/CakeEngine/api.hpp" />
		<Unit filename="headers/CakeEngine/execution/Thread.hpp" />
		<Unit filename="headers/CakeEngine/file/File.hpp" />
		<Unit filename="headers/CakeEngine/file/FileBuffer.hpp" />
		<Unit filename="headers/CakeEngine/file/Reader.hpp" />
		<Unit filename="headers/CakeEngine/file/Stream.hpp" />
		<Unit filename="headers/CakeEngine/file/Writer.hpp" />
		<Unit filename="headers/CakeEngine/file/handdler.hpp" />
		<Unit filename="headers/CakeEngine/graphics/graphics.hpp" />
		<Unit filename="headers/CakeEngine/graphics/opengl/opengl.hpp" />
		<Unit filename="headers/CakeEngine/graphics/renderer/CompositeOperations.hpp" />
		<Unit filename="headers/CakeEngine/graphics/renderer/FrameBuffer.hpp" />
		<Unit filename="headers/CakeEngine/graphics/renderer/Mesh.hpp" />
		<Unit filename="headers/CakeEngine/graphics/renderer/Renderable.hpp" />
		<Unit filename="headers/CakeEngine/graphics/renderer/Renderer.hpp" />
		<Unit filename="headers/CakeEngine/graphics/renderer/ShaderAttribs.hpp" />
		<Unit filename="headers/CakeEngine/graphics/renderer/ShaderProgram.hpp" />
		<Unit filename="headers/CakeEngine/graphics/renderer/ShaderUniforms.hpp" />
		<Unit filename="headers/CakeEngine/graphics/renderer/Texture.hpp" />
		<Unit filename="headers/CakeEngine/graphics/renderer/materials/Generic2D.hpp" />
		<Unit filename="headers/CakeEngine/graphics/renderer/materials/Generic3D.hpp" />
		<Unit filename="headers/CakeEngine/graphics/renderer/materials/ModelMaterial.hpp" />
		<Unit filename="headers/CakeEngine/graphics/window/Window.hpp" />
		<Unit filename="headers/CakeEngine/input/InputHanddler.hpp" />
		<Unit filename="headers/CakeEngine/input/input.hpp" />
		<Unit filename="headers/CakeEngine/math/Color.hpp" />
		<Unit filename="headers/CakeEngine/math/general/PerlinNoise.hpp" />
		<Unit filename="headers/CakeEngine/math/math.hpp" />
		<Unit filename="headers/CakeEngine/math/matrix/Matrix3.hpp" />
		<Unit filename="headers/CakeEngine/math/matrix/Matrix4.hpp" />
		<Unit filename="headers/CakeEngine/math/shape/Geometry2D.hpp" />
		<Unit filename="headers/CakeEngine/math/shape/Shape2D.hpp" />
		<Unit filename="headers/CakeEngine/math/util.hpp" />
		<Unit filename="headers/CakeEngine/math/vector/Vector2.hpp" />
		<Unit filename="headers/CakeEngine/math/vector/Vector3.hpp" />
		<Unit filename="headers/CakeEngine/resources/core/Core.hpp" />
		<Unit filename="headers/CakeEngine/resources/core/CoreApplicationSettings.hpp" />
		<Unit filename="headers/CakeEngine/resources/g3d/ModelInstance.hpp" />
		<Unit filename="headers/CakeEngine/resources/objects/Object2D.hpp" />
		<Unit filename="headers/CakeEngine/resources/objects/Object3D.hpp" />
		<Unit filename="headers/CakeEngine/resources/objects/Pov2D.hpp" />
		<Unit filename="headers/CakeEngine/resources/objects/Pov3D.hpp" />
		<Unit filename="headers/CakeEngine/resources/resources.hpp" />
		<Unit filename="headers/CakeEngine/resources/scene/Node2D.hpp" />
		<Unit filename="headers/CakeEngine/resources/scene/Node3D.hpp" />
		<Unit filename="headers/CakeEngine/resources/scene/Scene2D.hpp" />
		<Unit filename="headers/CakeEngine/resources/scene/Scene3D.hpp" />
		<Unit filename="headers/CakeEngine/sound/Audio.hpp" />
		<Unit filename="headers/CakeEngine/sound/AudioBuffer.hpp" />
		<Unit filename="headers/CakeEngine/sound/Speaker.hpp">
			<Option target="&lt;{~None~}&gt;" />
		</Unit>
		<Unit filename="headers/CakeEngine/util/Dictionary.hpp" />
		<Unit filename="headers/CakeEngine/util/Image.hpp" />
		<Unit filename="headers/CakeEngine/util/Pixels.hpp" />
		<Unit filename="headers/CakeEngine/util/String.hpp" />
		<Unit filename="headers/CakeEngine/util/formats/DaeHanddler.hpp" />
		<Unit filename="headers/CakeEngine/util/formats/XmlHanddler.hpp" />
		<Unit filename="headers/CakeEngine/util/modelbuilder/MeshBuilder.hpp" />
		<Unit filename="headers/CakeEngine/util/util.hpp" />
		<Unit filename="src/CakeEngine/execution/Thread.cpp" />
		<Unit filename="src/CakeEngine/file/Reader.cpp" />
		<Unit filename="src/CakeEngine/file/Stream.cpp" />
		<Unit filename="src/CakeEngine/file/Writer.cpp" />
		<Unit filename="src/CakeEngine/graphics/opengl/opengl.cpp" />
		<Unit filename="src/CakeEngine/graphics/renderer/CompositeOperations.cpp" />
		<Unit filename="src/CakeEngine/graphics/renderer/FrameBuffer.cpp" />
		<Unit filename="src/CakeEngine/graphics/renderer/Mesh.cpp" />
		<Unit filename="src/CakeEngine/graphics/renderer/Renderable.cpp" />
		<Unit filename="src/CakeEngine/graphics/renderer/Renderer.cpp" />
		<Unit filename="src/CakeEngine/graphics/renderer/ShaderAttribs.cpp" />
		<Unit filename="src/CakeEngine/graphics/renderer/ShaderProgram.cpp" />
		<Unit filename="src/CakeEngine/graphics/renderer/ShaderUniforms.cpp" />
		<Unit filename="src/CakeEngine/graphics/renderer/Texture.cpp" />
		<Unit filename="src/CakeEngine/graphics/renderer/materials/Generic2D.cpp" />
		<Unit filename="src/CakeEngine/graphics/renderer/materials/Generic3D.cpp" />
		<Unit filename="src/CakeEngine/graphics/renderer/materials/ModelMaterial.cpp" />
		<Unit filename="src/CakeEngine/graphics/window/Window.cpp" />
		<Unit filename="src/CakeEngine/input/InputHanddler.cpp" />
		<Unit filename="src/CakeEngine/math/Color.cpp" />
		<Unit filename="src/CakeEngine/math/general/PerlinNoise.cpp" />
		<Unit filename="src/CakeEngine/math/matrix/Matrix3.cpp" />
		<Unit filename="src/CakeEngine/math/matrix/Matrix4.cpp" />
		<Unit filename="src/CakeEngine/math/shape/Geometry2D.cpp" />
		<Unit filename="src/CakeEngine/math/shape/Shape2D.cpp" />
		<Unit filename="src/CakeEngine/math/util.cpp" />
		<Unit filename="src/CakeEngine/math/vector/Vector2.cpp" />
		<Unit filename="src/CakeEngine/math/vector/Vector3.cpp" />
		<Unit filename="src/CakeEngine/resources/core/Core.cpp" />
		<Unit filename="src/CakeEngine/resources/core/CoreApplicationSettings.cpp" />
		<Unit filename="src/CakeEngine/resources/g3d/ModelInstance.cpp" />
		<Unit filename="src/CakeEngine/resources/objects/Object2D.cpp" />
		<Unit filename="src/CakeEngine/resources/objects/Object3D.cpp" />
		<Unit filename="src/CakeEngine/resources/objects/Pov2D.cpp" />
		<Unit filename="src/CakeEngine/resources/objects/Pov3D.cpp" />
		<Unit filename="src/CakeEngine/resources/scene/Node2D.cpp" />
		<Unit filename="src/CakeEngine/resources/scene/Node3D.cpp" />
		<Unit filename="src/CakeEngine/resources/scene/Scene2D.cpp" />
		<Unit filename="src/CakeEngine/resources/scene/Scene3D.cpp" />
		<Unit filename="src/CakeEngine/sound/Audio.cpp" />
		<Unit filename="src/CakeEngine/sound/AudioBuffer.cpp" />
		<Unit filename="src/CakeEngine/sound/Speaker.cpp" />
		<Unit filename="src/CakeEngine/util/Dictionary.cpp" />
		<Unit filename="src/CakeEngine/util/Image.cpp" />
		<Unit filename="src/CakeEngine/util/String.cpp" />
		<Unit filename="src/CakeEngine/util/formats/DaeHanddler.cpp" />
		<Unit filename="src/CakeEngine/util/formats/XmlHanddler.cpp" />
		<Unit filename="src/CakeEngine/util/modelbuilder/MeshBuilder.cpp" />
		<Unit filename="src/main.cpp" />
		<Unit filename="src/test.hpp" />
		<Extensions>
			<lib_finder disable_auto="1" />
		</Extensions>
	</Project>
</CodeBlocks_project_file>
